github.com/google/pprof v0.0.0-20260302011040-a15ffb7f9dcc h1:VBbFa1lDYWEeV5FZKUiYKYT0VxCp9twUmmaq9eb8sXw=
github.com/google/pprof v0.0.0-20260302011040-a15ffb7f9dcc/go.mod h1:MxpfABSjhmINe3F1It9d+8exIHFvUqtLIRCdOGNXqiI=
github.com/klauspost/compress v1.18.4 h1:RPhnKRAQ4Fh8zU2FY/6ZFDwTVTxgJ/EMydqSTzE9a2c=
github.com/klauspost/compress v1.18.4/go.mod h1:R0h/fSBs8DE4ENlcrlib3PsXS61voFxhIs2DeRhCvJ4=
